// !$*UTF8*$!
{
	archiveVersion = 1;
	classes = {
	};
	objectVersion = 56;
	objects = {

/* Begin PBXBuildFile section */
		C165C30C2B0E908500561F80 /* ParkingForm.swift in Sources */ = {isa = PBXBuildFile; fileRef = C165C30B2B0E908500561F80 /* ParkingForm.swift */; };
		C186690C2B01E6280006E368 /* InComing.swift in Sources */ = {isa = PBXBuildFile; fileRef = C186690B2B01E6280006E368 /* InComing.swift */; };
		C19057ED2AF991D50032E4E3 /* Control_Ingreso_EstacionamientoApp.swift in Sources */ = {isa = PBXBuildFile; fileRef = C19057EC2AF991D50032E4E3 /* Control_Ingreso_EstacionamientoApp.swift */; };
		C19057F12AF991D70032E4E3 /* Assets.xcassets in Resources */ = {isa = PBXBuildFile; fileRef = C19057F02AF991D70032E4E3 /* Assets.xcassets */; };
		C19057F42AF991D70032E4E3 /* Preview Assets.xcassets in Resources */ = {isa = PBXBuildFile; fileRef = C19057F32AF991D70032E4E3 /* Preview Assets.xcassets */; };
		C19057FE2AF991D80032E4E3 /* Control_Ingreso_EstacionamientoTests.swift in Sources */ = {isa = PBXBuildFile; fileRef = C19057FD2AF991D80032E4E3 /* Control_Ingreso_EstacionamientoTests.swift */; };
		C19058082AF991D80032E4E3 /* Control_Ingreso_EstacionamientoUITests.swift in Sources */ = {isa = PBXBuildFile; fileRef = C19058072AF991D80032E4E3 /* Control_Ingreso_EstacionamientoUITests.swift */; };
		C190580A2AF991D80032E4E3 /* Control_Ingreso_EstacionamientoUITestsLaunchTests.swift in Sources */ = {isa = PBXBuildFile; fileRef = C19058092AF991D80032E4E3 /* Control_Ingreso_EstacionamientoUITestsLaunchTests.swift */; };
		C1C67ADF2B01B188001B6ACA /* Home.swift in Sources */ = {isa = PBXBuildFile; fileRef = C1C67ADE2B01B188001B6ACA /* Home.swift */; };
/* End PBXBuildFile section */

/* Begin PBXContainerItemProxy section */
		C19057FA2AF991D80032E4E3 /* PBXContainerItemProxy */ = {
			isa = PBXContainerItemProxy;
			containerPortal = C19057E12AF991D50032E4E3 /* Project object */;
			proxyType = 1;
			remoteGlobalIDString = C19057E82AF991D50032E4E3;
			remoteInfo = "Control Ingreso Estacionamiento";
		};
		C19058042AF991D80032E4E3 /* PBXContainerItemProxy */ = {
			isa = PBXContainerItemProxy;
			containerPortal = C19057E12AF991D50032E4E3 /* Project object */;
			proxyType = 1;
			remoteGlobalIDString = C19057E82AF991D50032E4E3;
			remoteInfo = "Control Ingreso Estacionamiento";
		};
/* End PBXContainerItemProxy section */

/* Begin PBXFileReference section */
		C165C30B2B0E908500561F80 /* ParkingForm.swift */ = {isa = PBXFileReference; lastKnownFileType = sourcecode.swift; path = ParkingForm.swift; sourceTree = "<group>"; };
		C186690B2B01E6280006E368 /* InComing.swift */ = {isa = PBXFileReference; lastKnownFileType = sourcecode.swift; path = InComing.swift; sourceTree = "<group>"; };
		C19057E92AF991D50032E4E3 /* Control Ingreso Estacionamiento.app */ = {isa = PBXFileReference; explicitFileType = wrapper.application; includeInIndex = 0; path = "Control Ingreso Estacionamiento.app"; sourceTree = BUILT_PRODUCTS_DIR; };
		C19057EC2AF991D50032E4E3 /* Control_Ingreso_EstacionamientoApp.swift */ = {isa = PBXFileReference; lastKnownFileType = sourcecode.swift; path = Control_Ingreso_EstacionamientoApp.swift; sourceTree = "<group>"; };
		C19057F02AF991D70032E4E3 /* Assets.xcassets */ = {isa = PBXFileReference; lastKnownFileType = folder.assetcatalog; path = Assets.xcassets; sourceTree = "<group>"; };
		C19057F32AF991D70032E4E3 /* Preview Assets.xcassets */ = {isa = PBXFileReference; lastKnownFileType = folder.assetcatalog; path = "Preview Assets.xcassets"; sourceTree = "<group>"; };
		C19057F92AF991D80032E4E3 /* Control Ingreso EstacionamientoTests.xctest */ = {isa = PBXFileReference; explicitFileType = wrapper.cfbundle; includeInIndex = 0; path = "Control Ingreso EstacionamientoTests.xctest"; sourceTree = BUILT_PRODUCTS_DIR; };
		C19057FD2AF991D80032E4E3 /* Control_Ingreso_EstacionamientoTests.swift */ = {isa = PBXFileReference; lastKnownFileType = sourcecode.swift; path = Control_Ingreso_EstacionamientoTests.swift; sourceTree = "<group>"; };
		C19058032AF991D80032E4E3 /* Control Ingreso EstacionamientoUITests.xctest */ = {isa = PBXFileReference; explicitFileType = wrapper.cfbundle; includeInIndex = 0; path = "Control Ingreso EstacionamientoUITests.xctest"; sourceTree = BUILT_PRODUCTS_DIR; };
		C19058072AF991D80032E4E3 /* Control_Ingreso_EstacionamientoUITests.swift */ = {isa = PBXFileReference; lastKnownFileType = sourcecode.swift; path = Control_Ingreso_EstacionamientoUITests.swift; sourceTree = "<group>"; };
		C19058092AF991D80032E4E3 /* Control_Ingreso_EstacionamientoUITestsLaunchTests.swift */ = {isa = PBXFileReference; lastKnownFileType = sourcecode.swift; path = Control_Ingreso_EstacionamientoUITestsLaunchTests.swift; sourceTree = "<group>"; };
		C1C67ADE2B01B188001B6ACA /* Home.swift */ = {isa = PBXFileReference; lastKnownFileType = sourcecode.swift; path = Home.swift; sourceTree = "<group>"; };
/* End PBXFileReference section */

/* Begin PBXFrameworksBuildPhase section */
		C19057E62AF991D50032E4E3 /* Frameworks */ = {
			isa = PBXFrameworksBuildPhase;
			buildActionMask = 2147483647;
			files = (
			);
			runOnlyForDeploymentPostprocessing = 0;
		};
		C19057F62AF991D80032E4E3 /* Frameworks */ = {
			isa = PBXFrameworksBuildPhase;
			buildActionMask = 2147483647;
			files = (
			);
			runOnlyForDeploymentPostprocessing = 0;
		};
		C19058002AF991D80032E4E3 /* Frameworks */ = {
			isa = PBXFrameworksBuildPhase;
			buildActionMask = 2147483647;
			files = (
			);
			runOnlyForDeploymentPostprocessing = 0;
		};
/* End PBXFrameworksBuildPhase section */

/* Begin PBXGroup section */
		C19057E02AF991D50032E4E3 = {
			isa = PBXGroup;
			children = (
				C19057EB2AF991D50032E4E3 /* Control Ingreso Estacionamiento */,
				C19057FC2AF991D80032E4E3 /* Control Ingreso EstacionamientoTests */,
				C19058062AF991D80032E4E3 /* Control Ingreso EstacionamientoUITests */,
				C19057EA2AF991D50032E4E3 /* Products */,
			);
			sourceTree = "<group>";
		};
		C19057EA2AF991D50032E4E3 /* Products */ = {
			isa = PBXGroup;
			children = (
				C19057E92AF991D50032E4E3 /* Control Ingreso Estacionamiento.app */,
				C19057F92AF991D80032E4E3 /* Control Ingreso EstacionamientoTests.xctest */,
				C19058032AF991D80032E4E3 /* Control Ingreso EstacionamientoUITests.xctest */,
			);
			name = Products;
			sourceTree = "<group>";
		};
		C19057EB2AF991D50032E4E3 /* Control Ingreso Estacionamiento */ = {
			isa = PBXGroup;
			children = (
				C19057EC2AF991D50032E4E3 /* Control_Ingreso_EstacionamientoApp.swift */,
				C19057F02AF991D70032E4E3 /* Assets.xcassets */,
				C19057F22AF991D70032E4E3 /* Preview Content */,
				C1C67ADE2B01B188001B6ACA /* Home.swift */,
				C186690B2B01E6280006E368 /* InComing.swift */,
				C165C30B2B0E908500561F80 /* ParkingForm.swift */,
			);
			path = "Control Ingreso Estacionamiento";
			sourceTree = "<group>";
		};
		C19057F22AF991D70032E4E3 /* Preview Content */ = {
			isa = PBXGroup;
			children = (
				C19057F32AF991D70032E4E3 /* Preview Assets.xcassets */,
			);
			path = "Preview Content";
			sourceTree = "<group>";
		};
		C19057FC2AF991D80032E4E3 /* Control Ingreso EstacionamientoTests */ = {
			isa = PBXGroup;
			children = (
				C19057FD2AF991D80032E4E3 /* Control_Ingreso_EstacionamientoTests.swift */,
			);
			path = "Control Ingreso EstacionamientoTests";
			sourceTree = "<group>";
		};
		C19058062AF991D80032E4E3 /* Control Ingreso EstacionamientoUITests */ = {
			isa = PBXGroup;
			children = (
				C19058072AF991D80032E4E3 /* Control_Ingreso_EstacionamientoUITests.swift */,
				C19058092AF991D80032E4E3 /* Control_Ingreso_EstacionamientoUITestsLaunchTests.swift */,
			);
			path = "Control Ingreso EstacionamientoUITests";
			sourceTree = "<group>";
		};
/* End PBXGroup section */

/* Begin PBXNativeTarget section */
		C19057E82AF991D50032E4E3 /* Control Ingreso Estacionamiento */ = {
			isa = PBXNativeTarget;
			buildConfigurationList = C190580D2AF991D80032E4E3 /* Build configuration list for PBXNativeTarget "Control Ingreso Estacionamiento" */;
			buildPhases = (
				C19057E52AF991D50032E4E3 /* Sources */,
				C19057E62AF991D50032E4E3 /* Frameworks */,
				C19057E72AF991D50032E4E3 /* Resources */,
			);
			buildRules = (
			);
			dependencies = (
			);
			name = "Control Ingreso Estacionamiento";
			productName = "Control Ingreso Estacionamiento";
			productReference = C19057E92AF991D50032E4E3 /* Control Ingreso Estacionamiento.app */;
			productType = "com.apple.product-type.application";
		};
		C19057F82AF991D80032E4E3 /* Control Ingreso EstacionamientoTests */ = {
			isa = PBXNativeTarget;
			buildConfigurationList = C19058102AF991D80032E4E3 /* Build configuration list for PBXNativeTarget "Control Ingreso EstacionamientoTests" */;
			buildPhases = (
				C19057F52AF991D80032E4E3 /* Sources */,
				C19057F62AF991D80032E4E3 /* Frameworks */,
				C19057F72AF991D80032E4E3 /* Resources */,
			);
			buildRules = (
			);
			dependencies = (
				C19057FB2AF991D80032E4E3 /* PBXTargetDependency */,
			);
			name = "Control Ingreso EstacionamientoTests";
			productName = "Control Ingreso EstacionamientoTests";
			productReference = C19057F92AF991D80032E4E3 /* Control Ingreso EstacionamientoTests.xctest */;
			productType = "com.apple.product-type.bundle.unit-test";
		};
		C19058022AF991D80032E4E3 /* Control Ingreso EstacionamientoUITests */ = {
			isa = PBXNativeTarget;
			buildConfigurationList = C19058132AF991D80032E4E3 /* Build configuration list for PBXNativeTarget "Control Ingreso EstacionamientoUITests" */;
			buildPhases = (
				C19057FF2AF991D80032E4E3 /* Sources */,
				C19058002AF991D80032E4E3 /* Frameworks */,
				C19058012AF991D80032E4E3 /* Resources */,
			);
			buildRules = (
			);
			dependencies = (
				C19058052AF991D80032E4E3 /* PBXTargetDependency */,
			);
			name = "Control Ingreso EstacionamientoUITests";
			productName = "Control Ingreso EstacionamientoUITests";
			productReference = C19058032AF991D80032E4E3 /* Control Ingreso EstacionamientoUITests.xctest */;
			productType = "com.apple.product-type.bundle.ui-testing";
		};
/* End PBXNativeTarget section */

/* Begin PBXProject section */
		C19057E12AF991D50032E4E3 /* Project object */ = {
			isa = PBXProject;
			attributes = {
				BuildIndependentTargetsInParallel = 1;
				LastSwiftUpdateCheck = 1500;
				LastUpgradeCheck = 1500;
				TargetAttributes = {
					C19057E82AF991D50032E4E3 = {
						CreatedOnToolsVersion = 15.0.1;
					};
					C19057F82AF991D80032E4E3 = {
						CreatedOnToolsVersion = 15.0.1;
						TestTargetID = C19057E82AF991D50032E4E3;
					};
					C19058022AF991D80032E4E3 = {
						CreatedOnToolsVersion = 15.0.1;
						TestTargetID = C19057E82AF991D50032E4E3;
					};
				};
			};
			buildConfigurationList = C19057E42AF991D50032E4E3 /* Build configuration list for PBXProject "Control Ingreso Estacionamiento" */;
			compatibilityVersion = "Xcode 14.0";
			developmentRegion = en;
			hasScannedForEncodings = 0;
			knownRegions = (
				en,
				Base,
			);
			mainGroup = C19057E02AF991D50032E4E3;
			productRefGroup = C19057EA2AF991D50032E4E3 /* Products */;
			projectDirPath = "";
			projectRoot = "";
			targets = (
				C19057E82AF991D50032E4E3 /* Control Ingreso Estacionamiento */,
				C19057F82AF991D80032E4E3 /* Control Ingreso EstacionamientoTests */,
				C19058022AF991D80032E4E3 /* Control Ingreso EstacionamientoUITests */,
			);
		};
/* End PBXProject section */

/* Begin PBXResourcesBuildPhase section */
		C19057E72AF991D50032E4E3 /* Resources */ = {
			isa = PBXResourcesBuildPhase;
			buildActionMask = 2147483647;
			files = (
				C19057F42AF991D70032E4E3 /* Preview Assets.xcassets in Resources */,
				C19057F12AF991D70032E4E3 /* Assets.xcassets in Resources */,
			);
			runOnlyForDeploymentPostprocessing = 0;
		};
		C19057F72AF991D80032E4E3 /* Resources */ = {
			isa = PBXResourcesBuildPhase;
			buildActionMask = 2147483647;
			files = (
			);
			runOnlyForDeploymentPostprocessing = 0;
		};
		C19058012AF991D80032E4E3 /* Resources */ = {
			isa = PBXResourcesBuildPhase;
			buildActionMask = 2147483647;
			files = (
			);
			runOnlyForDeploymentPostprocessing = 0;
		};
/* End PBXResourcesBuildPhase section */

/* Begin PBXSourcesBuildPhase section */
		C19057E52AF991D50032E4E3 /* Sources */ = {
			isa = PBXSourcesBuildPhase;
			buildActionMask = 2147483647;
			files = (
				C165C30C2B0E908500561F80 /* ParkingForm.swift in Sources */,
				C1C67ADF2B01B188001B6ACA /* Home.swift in Sources */,
				C19057ED2AF991D50032E4E3 /* Control_Ingreso_EstacionamientoApp.swift in Sources */,
				C186690C2B01E6280006E368 /* InComing.swift in Sources */,
			);
			runOnlyForDeploymentPostprocessing = 0;
		};
		C19057F52AF991D80032E4E3 /* Sources */ = {
			isa = PBXSourcesBuildPhase;
			buildActionMask = 2147483647;
			files = (
				C19057FE2AF991D80032E4E3 /* Control_Ingreso_EstacionamientoTests.swift in Sources */,
			);
			runOnlyForDeploymentPostprocessing = 0;
		};
		C19057FF2AF991D80032E4E3 /* Sources */ = {
			isa = PBXSourcesBuildPhase;
			buildActionMask = 2147483647;
			files = (
				C190580A2AF991D80032E4E3 /* Control_Ingreso_EstacionamientoUITestsLaunchTests.swift in Sources */,
				C19058082AF991D80032E4E3 /* Control_Ingreso_EstacionamientoUITests.swift in Sources */,
			);
			runOnlyForDeploymentPostprocessing = 0;
		};
/* End PBXSourcesBuildPhase section */

/* Begin PBXTargetDependency section */
		C19057FB2AF991D80032E4E3 /* PBXTargetDependency */ = {
			isa = PBXTargetDependency;
			target = C19057E82AF991D50032E4E3 /* Control Ingreso Estacionamiento */;
			targetProxy = C19057FA2AF991D80032E4E3 /* PBXContainerItemProxy */;
		};
		C19058052AF991D80032E4E3 /* PBXTargetDependency */ = {
			isa = PBXTargetDependency;
			target = C19057E82AF991D50032E4E3 /* Control Ingreso Estacionamiento */;
			targetProxy = C19058042AF991D80032E4E3 /* PBXContainerItemProxy */;
		};
/* End PBXTargetDependency section */

/* Begin XCBuildConfiguration section */
		C190580B2AF991D80032E4E3 /* Debug */ = {
			isa = XCBuildConfiguration;
			buildSettings = {
				ALWAYS_SEARCH_USER_PATHS = NO;
				ASSETCATALOG_COMPILER_GENERATE_SWIFT_ASSET_SYMBOL_EXTENSIONS = YES;
				CLANG_ANALYZER_NONNULL = YES;
				CLANG_ANALYZER_NUMBER_OBJECT_CONVERSION = YES_AGGRESSIVE;
				CLANG_CXX_LANGUAGE_STANDARD = "gnu++20";
				CLANG_ENABLE_MODULES = YES;
				CLANG_ENABLE_OBJC_ARC = YES;
				CLANG_ENABLE_OBJC_WEAK = YES;
				CLANG_WARN_BLOCK_CAPTURE_AUTORELEASING = YES;
				CLANG_WARN_BOOL_CONVERSION = YES;
				CLANG_WARN_COMMA = YES;
				CLANG_WARN_CONSTANT_CONVERSION = YES;
				CLANG_WARN_DEPRECATED_OBJC_IMPLEMENTATIONS = YES;
				CLANG_WARN_DIRECT_OBJC_ISA_USAGE = YES_ERROR;
				CLANG_WARN_DOCUMENTATION_COMMENTS = YES;
				CLANG_WARN_EMPTY_BODY = YES;
				CLANG_WARN_ENUM_CONVERSION = YES;
				CLANG_WARN_INFINITE_RECURSION = YES;
				CLANG_WARN_INT_CONVERSION = YES;
				CLANG_WARN_NON_LITERAL_NULL_CONVERSION = YES;
				CLANG_WARN_OBJC_IMPLICIT_RETAIN_SELF = YES;
				CLANG_WARN_OBJC_LITERAL_CONVERSION = YES;
				CLANG_WARN_OBJC_ROOT_CLASS = YES_ERROR;
				CLANG_WARN_QUOTED_INCLUDE_IN_FRAMEWORK_HEADER = YES;
				CLANG_WARN_RANGE_LOOP_ANALYSIS = YES;
				CLANG_WARN_STRICT_PROTOTYPES = YES;
				CLANG_WARN_SUSPICIOUS_MOVE = YES;
				CLANG_WARN_UNGUARDED_AVAILABILITY = YES_AGGRESSIVE;
				CLANG_WARN_UNREACHABLE_CODE = YES;
				CLANG_WARN__DUPLICATE_METHOD_MATCH = YES;
				COPY_PHASE_STRIP = NO;
				DEBUG_INFORMATION_FORMAT = dwarf;
				ENABLE_STRICT_OBJC_MSGSEND = YES;
				ENABLE_TESTABILITY = YES;
				ENABLE_USER_SCRIPT_SANDBOXING = YES;
				GCC_C_LANGUAGE_STANDARD = gnu17;
				GCC_DYNAMIC_NO_PIC = NO;
				GCC_NO_COMMON_BLOCKS = YES;
				GCC_OPTIMIZATION_LEVEL = 0;
				GCC_PREPROCESSOR_DEFINITIONS = (
					"DEBUG=1",
					"$(inherited)",
				);
				GCC_WARN_64_TO_32_BIT_CONVERSION = YES;
				GCC_WARN_ABOUT_RETURN_TYPE = YES_ERROR;
				GCC_WARN_UNDECLARED_SELECTOR = YES;
				GCC_WARN_UNINITIALIZED_AUTOS = YES_AGGRESSIVE;
				GCC_WARN_UNUSED_FUNCTION = YES;
				GCC_WARN_UNUSED_VARIABLE = YES;
				IPHONEOS_DEPLOYMENT_TARGET = 17.0;
				LOCALIZATION_PREFERS_STRING_CATALOGS = YES;
				MTL_ENABLE_DEBUG_INFO = INCLUDE_SOURCE;
				MTL_FAST_MATH = YES;
				ONLY_ACTIVE_ARCH = YES;
				SDKROOT = iphoneos;
				SWIFT_ACTIVE_COMPILATION_CONDITIONS = "DEBUG $(inherited)";
				SWIFT_OPTIMIZATION_LEVEL = "-Onone";
			};
			name = Debug;
		};
		C190580C2AF991D80032E4E3 /* Release */ = {
			isa = XCBuildConfiguration;
			buildSettings = {
				ALWAYS_SEARCH_USER_PATHS = NO;
				ASSETCATALOG_COMPILER_GENERATE_SWIFT_ASSET_SYMBOL_EXTENSIONS = YES;
				CLANG_ANALYZER_NONNULL = YES;
				CLANG_ANALYZER_NUMBER_OBJECT_CONVERSION = YES_AGGRESSIVE;
				CLANG_CXX_LANGUAGE_STANDARD = "gnu++20";
				CLANG_ENABLE_MODULES = YES;
				CLANG_ENABLE_OBJC_ARC = YES;
				CLANG_ENABLE_OBJC_WEAK = YES;
				CLANG_WARN_BLOCK_CAPTURE_AUTORELEASING = YES;
				CLANG_WARN_BOOL_CONVERSION = YES;
				CLANG_WARN_COMMA = YES;
				CLANG_WARN_CONSTANT_CONVERSION = YES;
				CLANG_WARN_DEPRECATED_OBJC_IMPLEMENTATIONS = YES;
				CLANG_WARN_DIRECT_OBJC_ISA_USAGE = YES_ERROR;
				CLANG_WARN_DOCUMENTATION_COMMENTS = YES;
				CLANG_WARN_EMPTY_BODY = YES;
				CLANG_WARN_ENUM_CONVERSION = YES;
				CLANG_WARN_INFINITE_RECURSION = YES;
				CLANG_WARN_INT_CONVERSION = YES;
				CLANG_WARN_NON_LITERAL_NULL_CONVERSION = YES;
				CLANG_WARN_OBJC_IMPLICIT_RETAIN_SELF = YES;
				CLANG_WARN_OBJC_LITERAL_CONVERSION = YES;
				CLANG_WARN_OBJC_ROOT_CLASS = YES_ERROR;
				CLANG_WARN_QUOTED_INCLUDE_IN_FRAMEWORK_HEADER = YES;
				CLANG_WARN_RANGE_LOOP_ANALYSIS = YES;
				CLANG_WARN_STRICT_PROTOTYPES = YES;
				CLANG_WARN_SUSPICIOUS_MOVE = YES;
				CLANG_WARN_UNGUARDED_AVAILABILITY = YES_AGGRESSIVE;
				CLANG_WARN_UNREACHABLE_CODE = YES;
				CLANG_WARN__DUPLICATE_METHOD_MATCH = YES;
				COPY_PHASE_STRIP = NO;
				DEBUG_INFORMATION_FORMAT = "dwarf-with-dsym";
				ENABLE_NS_ASSERTIONS = NO;
				ENABLE_STRICT_OBJC_MSGSEND = YES;
				ENABLE_USER_SCRIPT_SANDBOXING = YES;
				GCC_C_LANGUAGE_STANDARD = gnu17;
				GCC_NO_COMMON_BLOCKS = YES;
				GCC_WARN_64_TO_32_BIT_CONVERSION = YES;
				GCC_WARN_ABOUT_RETURN_TYPE = YES_ERROR;
				GCC_WARN_UNDECLARED_SELECTOR = YES;
				GCC_WARN_UNINITIALIZED_AUTOS = YES_AGGRESSIVE;
				GCC_WARN_UNUSED_FUNCTION = YES;
				GCC_WARN_UNUSED_VARIABLE = YES;
				IPHONEOS_DEPLOYMENT_TARGET = 17.0;
				LOCALIZATION_PREFERS_STRING_CATALOGS = YES;
				MTL_ENABLE_DEBUG_INFO = NO;
				MTL_FAST_MATH = YES;
				SDKROOT = iphoneos;
				SWIFT_COMPILATION_MODE = wholemodule;
				VALIDATE_PRODUCT = YES;
			};
			name = Release;
		};
		C190580E2AF991D80032E4E3 /* Debug */ = {
			isa = XCBuildConfiguration;
			buildSettings = {
				ASSETCATALOG_COMPILER_APPICON_NAME = AppIcon;
				ASSETCATALOG_COMPILER_GLOBAL_ACCENT_COLOR_NAME = AccentColor;
				CODE_SIGN_STYLE = Automatic;
				CURRENT_PROJECT_VERSION = 1;
				DEVELOPMENT_ASSET_PATHS = "\"Control Ingreso Estacionamiento/Preview Content\"";
				ENABLE_PREVIEWS = YES;
				GENERATE_INFOPLIST_FILE = YES;
				INFOPLIST_KEY_UIApplicationSceneManifest_Generation = YES;
				INFOPLIST_KEY_UIApplicationSupportsIndirectInputEvents = YES;
				INFOPLIST_KEY_UILaunchScreen_Generation = YES;
				INFOPLIST_KEY_UISupportedInterfaceOrientations_iPad = "UIInterfaceOrientationPortrait UIInterfaceOrientationPortraitUpsideDown UIInterfaceOrientationLandscapeLeft UIInterfaceOrientationLandscapeRight";
				INFOPLIST_KEY_UISupportedInterfaceOrientations_iPhone = "UIInterfaceOrientationPortrait UIInterfaceOrientationLandscapeLeft UIInterfaceOrientationLandscapeRight";
				LD_RUNPATH_SEARCH_PATHS = (
					"$(inherited)",
					"@executable_path/Frameworks",
				);
				MARKETING_VERSION = 1.0;
				PRODUCT_BUNDLE_IDENTIFIER = "Serch.Control-Ingreso-Estacionamiento";
				PRODUCT_NAME = "$(TARGET_NAME)";
				SWIFT_EMIT_LOC_STRINGS = YES;
				SWIFT_VERSION = 5.0;
				TARGETED_DEVICE_FAMILY = "1,2";
			};
			name = Debug;
		};
		C190580F2AF991D80032E4E3 /* Release */ = {
			isa = XCBuildConfiguration;
			buildSettings = {
				ASSETCATALOG_COMPILER_APPICON_NAME = AppIcon;
				ASSETCATALOG_COMPILER_GLOBAL_ACCENT_COLOR_NAME = AccentColor;
				CODE_SIGN_STYLE = Automatic;
				CURRENT_PROJECT_VERSION = 1;
				DEVELOPMENT_ASSET_PATHS = "\"Control Ingreso Estacionamiento/Preview Content\"";
				ENABLE_PREVIEWS = YES;
				GENERATE_INFOPLIST_FILE = YES;
				INFOPLIST_KEY_UIApplicationSceneManifest_Generation = YES;
				INFOPLIST_KEY_UIApplicationSupportsIndirectInputEvents = YES;
				INFOPLIST_KEY_UILaunchScreen_Generation = YES;
				INFOPLIST_KEY_UISupportedInterfaceOrientations_iPad = "UIInterfaceOrientationPortrait UIInterfaceOrientationPortraitUpsideDown UIInterfaceOrientationLandscapeLeft UIInterfaceOrientationLandscapeRight";
				INFOPLIST_KEY_UISupportedInterfaceOrientations_iPhone = "UIInterfaceOrientationPortrait UIInterfaceOrientationLandscapeLeft UIInterfaceOrientationLandscapeRight";
				LD_RUNPATH_SEARCH_PATHS = (
					"$(inherited)",
					"@executable_path/Frameworks",
				);
				MARKETING_VERSION = 1.0;
				PRODUCT_BUNDLE_IDENTIFIER = "Serch.Control-Ingreso-Estacionamiento";
				PRODUCT_NAME = "$(TARGET_NAME)";
				SWIFT_EMIT_LOC_STRINGS = YES;
				SWIFT_VERSION = 5.0;
				TARGETED_DEVICE_FAMILY = "1,2";
			};
			name = Release;
		};
		C19058112AF991D80032E4E3 /* Debug */ = {
			isa = XCBuildConfiguration;
			buildSettings = {
				ALWAYS_EMBED_SWIFT_STANDARD_LIBRARIES = YES;
				BUNDLE_LOADER = "$(TEST_HOST)";
				CODE_SIGN_STYLE = Automatic;
				CURRENT_PROJECT_VERSION = 1;
				GENERATE_INFOPLIST_FILE = YES;
				IPHONEOS_DEPLOYMENT_TARGET = 17.0;
				MARKETING_VERSION = 1.0;
				PRODUCT_BUNDLE_IDENTIFIER = "Serch.Control-Ingreso-EstacionamientoTests";
				PRODUCT_NAME = "$(TARGET_NAME)";
				SWIFT_EMIT_LOC_STRINGS = NO;
				SWIFT_VERSION = 5.0;
				TARGETED_DEVICE_FAMILY = "1,2";
				TEST_HOST = "$(BUILT_PRODUCTS_DIR)/Control Ingreso Estacionamiento.app/$(BUNDLE_EXECUTABLE_FOLDER_PATH)/Control Ingreso Estacionamiento";
			};
			name = Debug;
		};
		C19058122AF991D80032E4E3 /* Release */ = {
			isa = XCBuildConfiguration;
			buildSettings = {
				ALWAYS_EMBED_SWIFT_STANDARD_LIBRARIES = YES;
				BUNDLE_LOADER = "$(TEST_HOST)";
				CODE_SIGN_STYLE = Automatic;
				CURRENT_PROJECT_VERSION = 1;
				GENERATE_INFOPLIST_FILE = YES;
				IPHONEOS_DEPLOYMENT_TARGET = 17.0;
				MARKETING_VERSION = 1.0;
				PRODUCT_BUNDLE_IDENTIFIER = "Serch.Control-Ingreso-EstacionamientoTests";
				PRODUCT_NAME = "$(TARGET_NAME)";
				SWIFT_EMIT_LOC_STRINGS = NO;
				SWIFT_VERSION = 5.0;
				TARGETED_DEVICE_FAMILY = "1,2";
				TEST_HOST = "$(BUILT_PRODUCTS_DIR)/Control Ingreso Estacionamiento.app/$(BUNDLE_EXECUTABLE_FOLDER_PATH)/Control Ingreso Estacionamiento";
			};
			name = Release;
		};
		C19058142AF991D80032E4E3 /* Debug */ = {
			isa = XCBuildConfiguration;
			buildSettings = {
				ALWAYS_EMBED_SWIFT_STANDARD_LIBRARIES = YES;
				CODE_SIGN_STYLE = Automatic;
				CURRENT_PROJECT_VERSION = 1;
				GENERATE_INFOPLIST_FILE = YES;
				MARKETING_VERSION = 1.0;
				PRODUCT_BUNDLE_IDENTIFIER = "Serch.Control-Ingreso-EstacionamientoUITests";
				PRODUCT_NAME = "$(TARGET_NAME)";
				SWIFT_EMIT_LOC_STRINGS = NO;
				SWIFT_VERSION = 5.0;
				TARGETED_DEVICE_FAMILY = "1,2";
				TEST_TARGET_NAME = "Control Ingreso Estacionamiento";
			};
			name = Debug;
		};
		C19058152AF991D80032E4E3 /* Release */ = {
			isa = XCBuildConfiguration;
			buildSettings = {
				ALWAYS_EMBED_SWIFT_STANDARD_LIBRARIES = YES;
				CODE_SIGN_STYLE = Automatic;
				CURRENT_PROJECT_VERSION = 1;
				GENERATE_INFOPLIST_FILE = YES;
				MARKETING_VERSION = 1.0;
				PRODUCT_BUNDLE_IDENTIFIER = "Serch.Control-Ingreso-EstacionamientoUITests";
				PRODUCT_NAME = "$(TARGET_NAME)";
				SWIFT_EMIT_LOC_STRINGS = NO;
				SWIFT_VERSION = 5.0;
				TARGETED_DEVICE_FAMILY = "1,2";
				TEST_TARGET_NAME = "Control Ingreso Estacionamiento";
			};
			name = Release;
		};
/* End XCBuildConfiguration section */

/* Begin XCConfigurationList section */
		C19057E42AF991D50032E4E3 /* Build configuration list for PBXProject "Control Ingreso Estacionamiento" */ = {
			isa = XCConfigurationList;
			buildConfigurations = (
				C190580B2AF991D80032E4E3 /* Debug */,
				C190580C2AF991D80032E4E3 /* Release */,
			);
			defaultConfigurationIsVisible = 0;
			defaultConfigurationName = Release;
		};
		C190580D2AF991D80032E4E3 /* Build configuration list for PBXNativeTarget "Control Ingreso Estacionamiento" */ = {
			isa = XCConfigurationList;
			buildConfigurations = (
				C190580E2AF991D80032E4E3 /* Debug */,
				C190580F2AF991D80032E4E3 /* Release */,
			);
			defaultConfigurationIsVisible = 0;
			defaultConfigurationName = Release;
		};
		C19058102AF991D80032E4E3 /* Build configuration list for PBXNativeTarget "Control Ingreso EstacionamientoTests" */ = {
			isa = XCConfigurationList;
			buildConfigurations = (
				C19058112AF991D80032E4E3 /* Debug */,
				C19058122AF991D80032E4E3 /* Release */,
			);
			defaultConfigurationIsVisible = 0;
			defaultConfigurationName = Release;
		};
		C19058132AF991D80032E4E3 /* Build configuration list for PBXNativeTarget "Control Ingreso EstacionamientoUITests" */ = {
			isa = XCConfigurationList;
			buildConfigurations = (
				C19058142AF991D80032E4E3 /* Debug */,
				C19058152AF991D80032E4E3 /* Release */,
			);
			defaultConfigurationIsVisible = 0;
			defaultConfigurationName = Release;
		};
/* End XCConfigurationList section */
	};
	rootObject = C19057E12AF991D50032E4E3 /* Project object */;
}
